Microsoft Visual Studio Solution File, Format Version 12.00
# Visual Studio Version 17
VisualStudioVersion = 17.13.35828.75
MinimumVisualStudioVersion = 10.0.40219.1
Project("{FAE04EC0-301F-11D3-BF4B-00C04F79EFBC}") = "Exercicio1", "Exercicio1\Exercicio1.csproj", "{F8A17B2E-5F4B-4CF9-BCAB-3DDC4302DE05}"
EndProject
Project("{FAE04EC0-301F-11D3-BF4B-00C04F79EFBC}") = "Exercicio2", "Exercicio2\Exercicio2.csproj", "{7B078350-104E-45A7-80B1-998EE87116F2}"
EndProject
Project("{FAE04EC0-301F-11D3-BF4B-00C04F79EFBC}") = "Exercicio3", "Exercicio3\Exercicio3.csproj", "{4A61B9F0-C16E-4234-B9AF-C26E4159F34B}"
EndProject
Project("{FAE04EC0-301F-11D3-BF4B-00C04F79EFBC}") = "Exercicio4", "Exercicio4\Exercicio4.csproj", "{C859DBFA-1936-4D79-9DAF-C5013B8CF2ED}"
EndProject
Project("{FAE04EC0-301F-11D3-BF4B-00C04F79EFBC}") = "Exercicio5", "Exercicio5\Exercicio5.csproj", "{79D9E250-2228-4705-9CCA-831F2FC54E81}"
EndProject
Project("{FAE04EC0-301F-11D3-BF4B-00C04F79EFBC}") = "Exercicio6", "Exercicio6\Exercicio6.csproj", "{0F2979F1-1315-47C9-A044-DEB173C4B2F8}"
EndProject
Project("{FAE04EC0-301F-11D3-BF4B-00C04F79EFBC}") = "Exercicio7", "Exercicio7\Exercicio7.csproj", "{E354C995-6EC3-4151-B724-17A07D5C8E66}"
EndProject
Project("{FAE04EC0-301F-11D3-BF4B-00C04F79EFBC}") = "Exercicio8", "Exercicio8\Exercicio8.csproj", "{DB2C4585-128A-44BC-9639-FFC82AFCBF2C}"
EndProject
Project("{FAE04EC0-301F-11D3-BF4B-00C04F79EFBC}") = "Exercicio9", "Exercicio9\Exercicio9.csproj", "{D2A0F534-4C75-4DE6-B1C1-D4005097907C}"
EndProject
Project("{FAE04EC0-301F-11D3-BF4B-00C04F79EFBC}") = "Exercicio10", "Exercicio10\Exercicio10.csproj", "{DC47288A-1D7F-4098-928F-2EF0D3D50A04}"
EndProject
Project("{FAE04EC0-301F-11D3-BF4B-00C04F79EFBC}") = "Exercicio11", "Exercicio11\Exercicio11.csproj", "{EBCDC34D-2BC1-4F6E-B978-D41EB4DD221E}"
EndProject
Project("{FAE04EC0-301F-11D3-BF4B-00C04F79EFBC}") = "Exercicio12", "Exercicio12\Exercicio12.csproj", "{1C12AC60-08A2-4E87-8515-22A27FEC2DF6}"
EndProject
Project("{FAE04EC0-301F-11D3-BF4B-00C04F79EFBC}") = "Exercicio13", "Exercicio13\Exercicio13.csproj", "{273BE564-C0FE-49E3-9813-6D401A54B9FA}"
EndProject
Project("{FAE04EC0-301F-11D3-BF4B-00C04F79EFBC}") = "Exercicio14", "Exercicio14\Exercicio14.csproj", "{00615404-2519-42F5-B057-C6D9E4C67D91}"
EndProject
Project("{FAE04EC0-301F-11D3-BF4B-00C04F79EFBC}") = "Exercicio15", "Exercicio15\Exercicio15.csproj", "{1B2BACBA-FD96-4481-A4F0-379A33A6011C}"
EndProject
Project("{FAE04EC0-301F-11D3-BF4B-00C04F79EFBC}") = "Exercicio16", "Exercicio16\Exercicio16.csproj", "{C9B51DDC-A04A-445F-9A72-66927BF11F8E}"
EndProject
Project("{FAE04EC0-301F-11D3-BF4B-00C04F79EFBC}") = "Exercicio17", "Exercicio17\Exercicio17.csproj", "{FA604E50-C0AE-44D2-8375-135AEA984D57}"
EndProject
Project("{FAE04EC0-301F-11D3-BF4B-00C04F79EFBC}") = "Exercicio18", "Exercicio18\Exercicio18.csproj", "{A964F42A-03D7-4E37-8DB0-6DD6EB621499}"
EndProject
Project("{FAE04EC0-301F-11D3-BF4B-00C04F79EFBC}") = "Exercicio19", "Exercicio19\Exercicio19.csproj", "{3A83B600-1857-4DC6-BAD8-8E2FCD8E2BDA}"
EndProject
Project("{FAE04EC0-301F-11D3-BF4B-00C04F79EFBC}") = "Exercicio20", "Exercicio20\Exercicio20.csproj", "{C5D7AD89-2CDE-417E-8377-981C91F726A6}"
EndProject
Project("{FAE04EC0-301F-11D3-BF4B-00C04F79EFBC}") = "Exercicio21", "Exercicio21\Exercicio21.csproj", "{3FBCC810-63A6-4C40-8B2C-70B29A460149}"
EndProject
Project("{FAE04EC0-301F-11D3-BF4B-00C04F79EFBC}") = "Exercicio22", "Exercicio22\Exercicio22.csproj", "{DD85082C-CAB7-4349-9D5B-4D5C58D19BE3}"
EndProject
Project("{FAE04EC0-301F-11D3-BF4B-00C04F79EFBC}") = "Exercicio23", "Exercicio23\Exercicio23.csproj", "{751628D6-D556-4E21-B644-BD0C97D41D6D}"
EndProject
Global
	GlobalSection(SolutionConfigurationPlatforms) = preSolution
		Debug|Any CPU = Debug|Any CPU
		Release|Any CPU = Release|Any CPU
	EndGlobalSection
	GlobalSection(ProjectConfigurationPlatforms) = postSolution
		{F8A17B2E-5F4B-4CF9-BCAB-3DDC4302DE05}.Debug|Any CPU.ActiveCfg = Debug|Any CPU
		{F8A17B2E-5F4B-4CF9-BCAB-3DDC4302DE05}.Debug|Any CPU.Build.0 = Debug|Any CPU
		{F8A17B2E-5F4B-4CF9-BCAB-3DDC4302DE05}.Release|Any CPU.ActiveCfg = Release|Any CPU
		{F8A17B2E-5F4B-4CF9-BCAB-3DDC4302DE05}.Release|Any CPU.Build.0 = Release|Any CPU
		{7B078350-104E-45A7-80B1-998EE87116F2}.Debug|Any CPU.ActiveCfg = Debug|Any CPU
		{7B078350-104E-45A7-80B1-998EE87116F2}.Debug|Any CPU.Build.0 = Debug|Any CPU
		{7B078350-104E-45A7-80B1-998EE87116F2}.Release|Any CPU.ActiveCfg = Release|Any CPU
		{7B078350-104E-45A7-80B1-998EE87116F2}.Release|Any CPU.Build.0 = Release|Any CPU
		{4A61B9F0-C16E-4234-B9AF-C26E4159F34B}.Debug|Any CPU.ActiveCfg = Debug|Any CPU
		{4A61B9F0-C16E-4234-B9AF-C26E4159F34B}.Debug|Any CPU.Build.0 = Debug|Any CPU
		{4A61B9F0-C16E-4234-B9AF-C26E4159F34B}.Release|Any CPU.ActiveCfg = Release|Any CPU
		{4A61B9F0-C16E-4234-B9AF-C26E4159F34B}.Release|Any CPU.Build.0 = Release|Any CPU
		{C859DBFA-1936-4D79-9DAF-C5013B8CF2ED}.Debug|Any CPU.ActiveCfg = Debug|Any CPU
		{C859DBFA-1936-4D79-9DAF-C5013B8CF2ED}.Debug|Any CPU.Build.0 = Debug|Any CPU
		{C859DBFA-1936-4D79-9DAF-C5013B8CF2ED}.Release|Any CPU.ActiveCfg = Release|Any CPU
		{C859DBFA-1936-4D79-9DAF-C5013B8CF2ED}.Release|Any CPU.Build.0 = Release|Any CPU
		{79D9E250-2228-4705-9CCA-831F2FC54E81}.Debug|Any CPU.ActiveCfg = Debug|Any CPU
		{79D9E250-2228-4705-9CCA-831F2FC54E81}.Debug|Any CPU.Build.0 = Debug|Any CPU
		{79D9E250-2228-4705-9CCA-831F2FC54E81}.Release|Any CPU.ActiveCfg = Release|Any CPU
		{79D9E250-2228-4705-9CCA-831F2FC54E81}.Release|Any CPU.Build.0 = Release|Any CPU
		{0F2979F1-1315-47C9-A044-DEB173C4B2F8}.Debug|Any CPU.ActiveCfg = Debug|Any CPU
		{0F2979F1-1315-47C9-A044-DEB173C4B2F8}.Debug|Any CPU.Build.0 = Debug|Any CPU
		{0F2979F1-1315-47C9-A044-DEB173C4B2F8}.Release|Any CPU.ActiveCfg = Release|Any CPU
		{0F2979F1-1315-47C9-A044-DEB173C4B2F8}.Release|Any CPU.Build.0 = Release|Any CPU
		{E354C995-6EC3-4151-B724-17A07D5C8E66}.Debug|Any CPU.ActiveCfg = Debug|Any CPU
		{E354C995-6EC3-4151-B724-17A07D5C8E66}.Debug|Any CPU.Build.0 = Debug|Any CPU
		{E354C995-6EC3-4151-B724-17A07D5C8E66}.Release|Any CPU.ActiveCfg = Release|Any CPU
		{E354C995-6EC3-4151-B724-17A07D5C8E66}.Release|Any CPU.Build.0 = Release|Any CPU
		{DB2C4585-128A-44BC-9639-FFC82AFCBF2C}.Debug|Any CPU.ActiveCfg = Debug|Any CPU
		{DB2C4585-128A-44BC-9639-FFC82AFCBF2C}.Debug|Any CPU.Build.0 = Debug|Any CPU
		{DB2C4585-128A-44BC-9639-FFC82AFCBF2C}.Release|Any CPU.ActiveCfg = Release|Any CPU
		{DB2C4585-128A-44BC-9639-FFC82AFCBF2C}.Release|Any CPU.Build.0 = Release|Any CPU
		{D2A0F534-4C75-4DE6-B1C1-D4005097907C}.Debug|Any CPU.ActiveCfg = Debug|Any CPU
		{D2A0F534-4C75-4DE6-B1C1-D4005097907C}.Debug|Any CPU.Build.0 = Debug|Any CPU
		{D2A0F534-4C75-4DE6-B1C1-D4005097907C}.Release|Any CPU.ActiveCfg = Release|Any CPU
		{D2A0F534-4C75-4DE6-B1C1-D4005097907C}.Release|Any CPU.Build.0 = Release|Any CPU
		{DC47288A-1D7F-4098-928F-2EF0D3D50A04}.Debug|Any CPU.ActiveCfg = Debug|Any CPU
		{DC47288A-1D7F-4098-928F-2EF0D3D50A04}.Debug|Any CPU.Build.0 = Debug|Any CPU
		{DC47288A-1D7F-4098-928F-2EF0D3D50A04}.Release|Any CPU.ActiveCfg = Release|Any CPU
		{DC47288A-1D7F-4098-928F-2EF0D3D50A04}.Release|Any CPU.Build.0 = Release|Any CPU
		{EBCDC34D-2BC1-4F6E-B978-D41EB4DD221E}.Debug|Any CPU.ActiveCfg = Debug|Any CPU
		{EBCDC34D-2BC1-4F6E-B978-D41EB4DD221E}.Debug|Any CPU.Build.0 = Debug|Any CPU
		{EBCDC34D-2BC1-4F6E-B978-D41EB4DD221E}.Release|Any CPU.ActiveCfg = Release|Any CPU
		{EBCDC34D-2BC1-4F6E-B978-D41EB4DD221E}.Release|Any CPU.Build.0 = Release|Any CPU
		{1C12AC60-08A2-4E87-8515-22A27FEC2DF6}.Debug|Any CPU.ActiveCfg = Debug|Any CPU
		{1C12AC60-08A2-4E87-8515-22A27FEC2DF6}.Debug|Any CPU.Build.0 = Debug|Any CPU
		{1C12AC60-08A2-4E87-8515-22A27FEC2DF6}.Release|Any CPU.ActiveCfg = Release|Any CPU
		{1C12AC60-08A2-4E87-8515-22A27FEC2DF6}.Release|Any CPU.Build.0 = Release|Any CPU
		{273BE564-C0FE-49E3-9813-6D401A54B9FA}.Debug|Any CPU.ActiveCfg = Debug|Any CPU
		{273BE564-C0FE-49E3-9813-6D401A54B9FA}.Debug|Any CPU.Build.0 = Debug|Any CPU
		{273BE564-C0FE-49E3-9813-6D401A54B9FA}.Release|Any CPU.ActiveCfg = Release|Any CPU
		{273BE564-C0FE-49E3-9813-6D401A54B9FA}.Release|Any CPU.Build.0 = Release|Any CPU
		{00615404-2519-42F5-B057-C6D9E4C67D91}.Debug|Any CPU.ActiveCfg = Debug|Any CPU
		{00615404-2519-42F5-B057-C6D9E4C67D91}.Debug|Any CPU.Build.0 = Debug|Any CPU
		{00615404-2519-42F5-B057-C6D9E4C67D91}.Release|Any CPU.ActiveCfg = Release|Any CPU
		{00615404-2519-42F5-B057-C6D9E4C67D91}.Release|Any CPU.Build.0 = Release|Any CPU
		{1B2BACBA-FD96-4481-A4F0-379A33A6011C}.Debug|Any CPU.ActiveCfg = Debug|Any CPU
		{1B2BACBA-FD96-4481-A4F0-379A33A6011C}.Debug|Any CPU.Build.0 = Debug|Any CPU
		{1B2BACBA-FD96-4481-A4F0-379A33A6011C}.Release|Any CPU.ActiveCfg = Release|Any CPU
		{1B2BACBA-FD96-4481-A4F0-379A33A6011C}.Release|Any CPU.Build.0 = Release|Any CPU
		{C9B51DDC-A04A-445F-9A72-66927BF11F8E}.Debug|Any CPU.ActiveCfg = Debug|Any CPU
		{C9B51DDC-A04A-445F-9A72-66927BF11F8E}.Debug|Any CPU.Build.0 = Debug|Any CPU
		{C9B51DDC-A04A-445F-9A72-66927BF11F8E}.Release|Any CPU.ActiveCfg = Release|Any CPU
		{C9B51DDC-A04A-445F-9A72-66927BF11F8E}.Release|Any CPU.Build.0 = Release|Any CPU
		{FA604E50-C0AE-44D2-8375-135AEA984D57}.Debug|Any CPU.ActiveCfg = Debug|Any CPU
		{FA604E50-C0AE-44D2-8375-135AEA984D57}.Debug|Any CPU.Build.0 = Debug|Any CPU
		{FA604E50-C0AE-44D2-8375-135AEA984D57}.Release|Any CPU.ActiveCfg = Release|Any CPU
		{FA604E50-C0AE-44D2-8375-135AEA984D57}.Release|Any CPU.Build.0 = Release|Any CPU
		{A964F42A-03D7-4E37-8DB0-6DD6EB621499}.Debug|Any CPU.ActiveCfg = Debug|Any CPU
		{A964F42A-03D7-4E37-8DB0-6DD6EB621499}.Debug|Any CPU.Build.0 = Debug|Any CPU
		{A964F42A-03D7-4E37-8DB0-6DD6EB621499}.Release|Any CPU.ActiveCfg = Release|Any CPU
		{A964F42A-03D7-4E37-8DB0-6DD6EB621499}.Release|Any CPU.Build.0 = Release|Any CPU
		{3A83B600-1857-4DC6-BAD8-8E2FCD8E2BDA}.Debug|Any CPU.ActiveCfg = Debug|Any CPU
		{3A83B600-1857-4DC6-BAD8-8E2FCD8E2BDA}.Debug|Any CPU.Build.0 = Debug|Any CPU
		{3A83B600-1857-4DC6-BAD8-8E2FCD8E2BDA}.Release|Any CPU.ActiveCfg = Release|Any CPU
		{3A83B600-1857-4DC6-BAD8-8E2FCD8E2BDA}.Release|Any CPU.Build.0 = Release|Any CPU
		{C5D7AD89-2CDE-417E-8377-981C91F726A6}.Debug|Any CPU.ActiveCfg = Debug|Any CPU
		{C5D7AD89-2CDE-417E-8377-981C91F726A6}.Debug|Any CPU.Build.0 = Debug|Any CPU
		{C5D7AD89-2CDE-417E-8377-981C91F726A6}.Release|Any CPU.ActiveCfg = Release|Any CPU
		{C5D7AD89-2CDE-417E-8377-981C91F726A6}.Release|Any CPU.Build.0 = Release|Any CPU
		{3FBCC810-63A6-4C40-8B2C-70B29A460149}.Debug|Any CPU.ActiveCfg = Debug|Any CPU
		{3FBCC810-63A6-4C40-8B2C-70B29A460149}.Debug|Any CPU.Build.0 = Debug|Any CPU
		{3FBCC810-63A6-4C40-8B2C-70B29A460149}.Release|Any CPU.ActiveCfg = Release|Any CPU
		{3FBCC810-63A6-4C40-8B2C-70B29A460149}.Release|Any CPU.Build.0 = Release|Any CPU
		{DD85082C-CAB7-4349-9D5B-4D5C58D19BE3}.Debug|Any CPU.ActiveCfg = Debug|Any CPU
		{DD85082C-CAB7-4349-9D5B-4D5C58D19BE3}.Debug|Any CPU.Build.0 = Debug|Any CPU
		{DD85082C-CAB7-4349-9D5B-4D5C58D19BE3}.Release|Any CPU.ActiveCfg = Release|Any CPU
		{DD85082C-CAB7-4349-9D5B-4D5C58D19BE3}.Release|Any CPU.Build.0 = Release|Any CPU
		{751628D6-D556-4E21-B644-BD0C97D41D6D}.Debug|Any CPU.ActiveCfg = Debug|Any CPU
		{751628D6-D556-4E21-B644-BD0C97D41D6D}.Debug|Any CPU.Build.0 = Debug|Any CPU
		{751628D6-D556-4E21-B644-BD0C97D41D6D}.Release|Any CPU.ActiveCfg = Release|Any CPU
		{751628D6-D556-4E21-B644-BD0C97D41D6D}.Release|Any CPU.Build.0 = Release|Any CPU
	EndGlobalSection
	GlobalSection(SolutionProperties) = preSolution
		HideSolutionNode = FALSE
	EndGlobalSection
	GlobalSection(ExtensibilityGlobals) = postSolution
		SolutionGuid = {2A73EFFD-59D5-4AA7-A3A4-1836D56A8FC8}
	EndGlobalSection
EndGlobal
